// !$*UTF8*$!
{
	archiveVersion = 1;
	classes = {
	};
	objectVersion = 77;
	objects = {

/* Begin PBXBuildFile section */
		01B57C4BDE62A2EC5832574E /* Assets.xcassets in Resources */ = {isa = PBXBuildFile; fileRef = 908E8F7E41C4808795E6F0BF /* Assets.xcassets */; };
		0F645380F7471D34FBE8CB4F /* StreaksView.swift in Sources */ = {isa = PBXBuildFile; fileRef = 4BE8547FD0BEED736976C8DB /* StreaksView.swift */; };
		13AF9CB416BA84904F8E31DA /* ConversationListStore.swift in Sources */ = {isa = PBXBuildFile; fileRef = 25764CC12A63F6B7112610CE /* ConversationListStore.swift */; };
		204632C6973941813F226374 /* KeychainStore.swift in Sources */ = {isa = PBXBuildFile; fileRef = 4D1EFCE4759DBD9B51B1CFE4 /* KeychainStore.swift */; };
		2403AB8A5B20CEAB7BB8206D /* ChatMessageStore.swift in Sources */ = {isa = PBXBuildFile; fileRef = 1168EB346FD6D89529155370 /* ChatMessageStore.swift */; };
		30940360287D0AE2D0650A1E /* InboxRow.swift in Sources */ = {isa = PBXBuildFile; fileRef = 219267348936B519B97861BB /* InboxRow.swift */; };
		30D43F322D4B56128F566E2C /* RootView.swift in Sources */ = {isa = PBXBuildFile; fileRef = BF6CD2F5B82F02FE9CC5AE20 /* RootView.swift */; };
		32033DD4E16C0FAB56479F92 /* MainTabView.swift in Sources */ = {isa = PBXBuildFile; fileRef = 025E99DA0EE313CAF7029E73 /* MainTabView.swift */; };
		3426C776886600421935835F /* NewChatView.swift in Sources */ = {isa = PBXBuildFile; fileRef = CE4A848013AD7E8B405CF095 /* NewChatView.swift */; };
		363D647845C27889062F2C7E /* ForgotPasswordView.swift in Sources */ = {isa = PBXBuildFile; fileRef = C304D3AEB554A666453A4A38 /* ForgotPasswordView.swift */; };
		450D708DA637711931952920 /* FriendsView.swift in Sources */ = {isa = PBXBuildFile; fileRef = BC8958B16318BC4F47BB309C /* FriendsView.swift */; };
		60972F1805C57D05284FF13B /* LegalViews.swift in Sources */ = {isa = PBXBuildFile; fileRef = 2043A2CDA5AB8C600EF67F89 /* LegalViews.swift */; };
		6E8205997A3609D638002DFD /* APIClient.swift in Sources */ = {isa = PBXBuildFile; fileRef = 51640DE482DE0FB9A39C3EB6 /* APIClient.swift */; };
		718370C9C749C3006065817E /* Localizable.xcstrings in Resources */ = {isa = PBXBuildFile; fileRef = 9475C37D51408EEA4F465F33 /* Localizable.xcstrings */; };
		85E71E26240B29A0802EF051 /* ChatView.swift in Sources */ = {isa = PBXBuildFile; fileRef = 3BFB5E8946448F0C14BE0493 /* ChatView.swift */; };
		88D859685D790D547A0C1E3E /* AuthFlowView.swift in Sources */ = {isa = PBXBuildFile; fileRef = 28D722CABEE30DE66100A19F /* AuthFlowView.swift */; };
		8D40EBB60232FA74489A1862 /* Theme.swift in Sources */ = {isa = PBXBuildFile; fileRef = 319986DEC6A52529F9CDC359 /* Theme.swift */; };
		9408942C578E834B27FFD702 /* SettingsStore.swift in Sources */ = {isa = PBXBuildFile; fileRef = E9317718F1228FC5CA29E347 /* SettingsStore.swift */; };
		94B3D9C9EB4EFC5F40775755 /* ConversationModels.swift in Sources */ = {isa = PBXBuildFile; fileRef = B35F50FA5BEBE4FD9EA353EC /* ConversationModels.swift */; };
		A0757FB642382CC54600B860 /* EnvyChatTests.swift in Sources */ = {isa = PBXBuildFile; fileRef = 1514D024EEF83F264F5336CE /* EnvyChatTests.swift */; };
		A3B322886EBD5F12A0FE6BDD /* SessionStore.swift in Sources */ = {isa = PBXBuildFile; fileRef = 00ED43D1C003A6FDFEE8C6BE /* SessionStore.swift */; };
		A4070B9CE0EFC56A7C5DFB6E /* Voice.swift in Sources */ = {isa = PBXBuildFile; fileRef = 3C804E721C528988EDF9A2FA /* Voice.swift */; };
		AB7156873B796A2AE8446BA2 /* InboxView.swift in Sources */ = {isa = PBXBuildFile; fileRef = 67D8AB19517ABE74522D45F0 /* InboxView.swift */; };
		B4CE05B12A9F0803CC451CF1 /* LocalStore.swift in Sources */ = {isa = PBXBuildFile; fileRef = 95AA6FE7D0F4DEAE8BF80176 /* LocalStore.swift */; };
		B6657AB7F9E88C16C49323C1 /* CallSlotsView.swift in Sources */ = {isa = PBXBuildFile; fileRef = 3BF341942CE054542C2C22A6 /* CallSlotsView.swift */; };
		B856D703D8CB0EC1A09A67A9 /* ProfileView.swift in Sources */ = {isa = PBXBuildFile; fileRef = 502530181E24DE909D74AD1B /* ProfileView.swift */; };
		BE72404130E52825EDE1214C /* AuthViewStore.swift in Sources */ = {isa = PBXBuildFile; fileRef = 186560DFD5C39A73D26B98CA /* AuthViewStore.swift */; };
		C3E364C5ABEA5D3C4F42C94C /* RealtimeClient.swift in Sources */ = {isa = PBXBuildFile; fileRef = CC7CB023199609449C537B96 /* RealtimeClient.swift */; };
		C74AF5F4A06D058C69CA4439 /* TypingStore.swift in Sources */ = {isa = PBXBuildFile; fileRef = 1BC5772F0E47594139107882 /* TypingStore.swift */; };
		D590C2007CF00DAEE601FFF6 /* FriendsStore.swift in Sources */ = {isa = PBXBuildFile; fileRef = 5D2024AF8E9E15D93EE0F560 /* FriendsStore.swift */; };
		DAE5555F3C2C791515DDFF73 /* StreakDetailView.swift in Sources */ = {isa = PBXBuildFile; fileRef = D5576AB90491CDE8BCE5F17C /* StreakDetailView.swift */; };
		DC4FF689BC86A033E21885A5 /* EnvyChatApp.swift in Sources */ = {isa = PBXBuildFile; fileRef = 1F5EBA70B2946C127282ED62 /* EnvyChatApp.swift */; };
		DFC20C51673FEBF3FBF2AC24 /* DateFormatting.swift in Sources */ = {isa = PBXBuildFile; fileRef = 94C35F647CCC01454EEDA3EB /* DateFormatting.swift */; };
		FBB8C44F993363D6E57EDF1E /* LoginView.swift in Sources */ = {isa = PBXBuildFile; fileRef = B86773F3D569C18A6D694781 /* LoginView.swift */; };
		FDFC188C057A708723DC4177 /* RegisterView.swift in Sources */ = {isa = PBXBuildFile; fileRef = 2190FAC4C1958951308FE244 /* RegisterView.swift */; };
/* End PBXBuildFile section */

/* Begin PBXContainerItemProxy section */
		EF75AFDE3CC18A435A63EF68 /* PBXContainerItemProxy */ = {
			isa = PBXContainerItemProxy;
			containerPortal = 64360B2A9CD9D8BB1CE4A02F /* Project object */;
			proxyType = 1;
			remoteGlobalIDString = EF1B0244CE50D553E01CB264;
			remoteInfo = EnvyChat;
		};
/* End PBXContainerItemProxy section */

/* Begin PBXFileReference section */
		00ED43D1C003A6FDFEE8C6BE /* SessionStore.swift */ = {isa = PBXFileReference; lastKnownFileType = sourcecode.swift; path = SessionStore.swift; sourceTree = "<group>"; };
		025E99DA0EE313CAF7029E73 /* MainTabView.swift */ = {isa = PBXFileReference; lastKnownFileType = sourcecode.swift; path = MainTabView.swift; sourceTree = "<group>"; };
		1168EB346FD6D89529155370 /* ChatMessageStore.swift */ = {isa = PBXFileReference; lastKnownFileType = sourcecode.swift; path = ChatMessageStore.swift; sourceTree = "<group>"; };
		1514D024EEF83F264F5336CE /* EnvyChatTests.swift */ = {isa = PBXFileReference; lastKnownFileType = sourcecode.swift; path = EnvyChatTests.swift; sourceTree = "<group>"; };
		186560DFD5C39A73D26B98CA /* AuthViewStore.swift */ = {isa = PBXFileReference; lastKnownFileType = sourcecode.swift; path = AuthViewStore.swift; sourceTree = "<group>"; };
		1BC5772F0E47594139107882 /* TypingStore.swift */ = {isa = PBXFileReference; lastKnownFileType = sourcecode.swift; path = TypingStore.swift; sourceTree = "<group>"; };
		1F5EBA70B2946C127282ED62 /* EnvyChatApp.swift */ = {isa = PBXFileReference; lastKnownFileType = sourcecode.swift; path = EnvyChatApp.swift; sourceTree = "<group>"; };
		2043A2CDA5AB8C600EF67F89 /* LegalViews.swift */ = {isa = PBXFileReference; lastKnownFileType = sourcecode.swift; path = LegalViews.swift; sourceTree = "<group>"; };
		2190FAC4C1958951308FE244 /* RegisterView.swift */ = {isa = PBXFileReference; lastKnownFileType = sourcecode.swift; path = RegisterView.swift; sourceTree = "<group>"; };
		219267348936B519B97861BB /* InboxRow.swift */ = {isa = PBXFileReference; lastKnownFileType = sourcecode.swift; path = InboxRow.swift; sourceTree = "<group>"; };
		25764CC12A63F6B7112610CE /* ConversationListStore.swift */ = {isa = PBXFileReference; lastKnownFileType = sourcecode.swift; path = ConversationListStore.swift; sourceTree = "<group>"; };
		28D722CABEE30DE66100A19F /* AuthFlowView.swift */ = {isa = PBXFileReference; lastKnownFileType = sourcecode.swift; path = AuthFlowView.swift; sourceTree = "<group>"; };
		319986DEC6A52529F9CDC359 /* Theme.swift */ = {isa = PBXFileReference; lastKnownFileType = sourcecode.swift; path = Theme.swift; sourceTree = "<group>"; };
		3B9E42D2F190FBA0DB19AA73 /* EnvyChat.app */ = {isa = PBXFileReference; includeInIndex = 0; lastKnownFileType = wrapper.application; path = EnvyChat.app; sourceTree = BUILT_PRODUCTS_DIR; };
		3BF341942CE054542C2C22A6 /* CallSlotsView.swift */ = {isa = PBXFileReference; lastKnownFileType = sourcecode.swift; path = CallSlotsView.swift; sourceTree = "<group>"; };
		3BFB5E8946448F0C14BE0493 /* ChatView.swift */ = {isa = PBXFileReference; lastKnownFileType = sourcecode.swift; path = ChatView.swift; sourceTree = "<group>"; };
		3C804E721C528988EDF9A2FA /* Voice.swift */ = {isa = PBXFileReference; lastKnownFileType = sourcecode.swift; path = Voice.swift; sourceTree = "<group>"; };
		4BE8547FD0BEED736976C8DB /* StreaksView.swift */ = {isa = PBXFileReference; lastKnownFileType = sourcecode.swift; path = StreaksView.swift; sourceTree = "<group>"; };
		4D1EFCE4759DBD9B51B1CFE4 /* KeychainStore.swift */ = {isa = PBXFileReference; lastKnownFileType = sourcecode.swift; path = KeychainStore.swift; sourceTree = "<group>"; };
		502530181E24DE909D74AD1B /* ProfileView.swift */ = {isa = PBXFileReference; lastKnownFileType = sourcecode.swift; path = ProfileView.swift; sourceTree = "<group>"; };
		51640DE482DE0FB9A39C3EB6 /* APIClient.swift */ = {isa = PBXFileReference; lastKnownFileType = sourcecode.swift; path = APIClient.swift; sourceTree = "<group>"; };
		5D2024AF8E9E15D93EE0F560 /* FriendsStore.swift */ = {isa = PBXFileReference; lastKnownFileType = sourcecode.swift; path = FriendsStore.swift; sourceTree = "<group>"; };
		67D8AB19517ABE74522D45F0 /* InboxView.swift */ = {isa = PBXFileReference; lastKnownFileType = sourcecode.swift; path = InboxView.swift; sourceTree = "<group>"; };
		908E8F7E41C4808795E6F0BF /* Assets.xcassets */ = {isa = PBXFileReference; lastKnownFileType = folder.assetcatalog; path = Assets.xcassets; sourceTree = "<group>"; };
		9475C37D51408EEA4F465F33 /* Localizable.xcstrings */ = {isa = PBXFileReference; lastKnownFileType = text.json.xcstrings; path = Localizable.xcstrings; sourceTree = "<group>"; };
		94C35F647CCC01454EEDA3EB /* DateFormatting.swift */ = {isa = PBXFileReference; lastKnownFileType = sourcecode.swift; path = DateFormatting.swift; sourceTree = "<group>"; };
		95AA6FE7D0F4DEAE8BF80176 /* LocalStore.swift */ = {isa = PBXFileReference; lastKnownFileType = sourcecode.swift; path = LocalStore.swift; sourceTree = "<group>"; };
		A1E828012E070E1B9635784C /* EnvyChatTests.xctest */ = {isa = PBXFileReference; includeInIndex = 0; lastKnownFileType = wrapper.cfbundle; path = EnvyChatTests.xctest; sourceTree = BUILT_PRODUCTS_DIR; };
		A5B3C9EC00A40524E03608FF /* Info.plist */ = {isa = PBXFileReference; lastKnownFileType = text.plist; path = Info.plist; sourceTree = "<group>"; };
		B35F50FA5BEBE4FD9EA353EC /* ConversationModels.swift */ = {isa = PBXFileReference; lastKnownFileType = sourcecode.swift; path = ConversationModels.swift; sourceTree = "<group>"; };
		B86773F3D569C18A6D694781 /* LoginView.swift */ = {isa = PBXFileReference; lastKnownFileType = sourcecode.swift; path = LoginView.swift; sourceTree = "<group>"; };
		BC8958B16318BC4F47BB309C /* FriendsView.swift */ = {isa = PBXFileReference; lastKnownFileType = sourcecode.swift; path = FriendsView.swift; sourceTree = "<group>"; };
		BF6CD2F5B82F02FE9CC5AE20 /* RootView.swift */ = {isa = PBXFileReference; lastKnownFileType = sourcecode.swift; path = RootView.swift; sourceTree = "<group>"; };
		C304D3AEB554A666453A4A38 /* ForgotPasswordView.swift */ = {isa = PBXFileReference; lastKnownFileType = sourcecode.swift; path = ForgotPasswordView.swift; sourceTree = "<group>"; };
		CC7CB023199609449C537B96 /* RealtimeClient.swift */ = {isa = PBXFileReference; lastKnownFileType = sourcecode.swift; path = RealtimeClient.swift; sourceTree = "<group>"; };
		CE4A848013AD7E8B405CF095 /* NewChatView.swift */ = {isa = PBXFileReference; lastKnownFileType = sourcecode.swift; path = NewChatView.swift; sourceTree = "<group>"; };
		D5576AB90491CDE8BCE5F17C /* StreakDetailView.swift */ = {isa = PBXFileReference; lastKnownFileType = sourcecode.swift; path = StreakDetailView.swift; sourceTree = "<group>"; };
		E9317718F1228FC5CA29E347 /* SettingsStore.swift */ = {isa = PBXFileReference; lastKnownFileType = sourcecode.swift; path = SettingsStore.swift; sourceTree = "<group>"; };
/* End PBXFileReference section */

/* Begin PBXGroup section */
		09A7E7774E854A198AAF99B8 /* Auth */ = {
			isa = PBXGroup;
			children = (
				28D722CABEE30DE66100A19F /* AuthFlowView.swift */,
				C304D3AEB554A666453A4A38 /* ForgotPasswordView.swift */,
				B86773F3D569C18A6D694781 /* LoginView.swift */,
				2190FAC4C1958951308FE244 /* RegisterView.swift */,
			);
			path = Auth;
			sourceTree = "<group>";
		};
		0D1158C50C55559A8EEB339E /* Design */ = {
			isa = PBXGroup;
			children = (
				319986DEC6A52529F9CDC359 /* Theme.swift */,
			);
			path = Design;
			sourceTree = "<group>";
		};
		16F0CB850681C5B10644F4B8 /* Persistence */ = {
			isa = PBXGroup;
			children = (
				95AA6FE7D0F4DEAE8BF80176 /* LocalStore.swift */,
			);
			path = Persistence;
			sourceTree = "<group>";
		};
		1C82C47B2F21626535476692 /* Chat */ = {
			isa = PBXGroup;
			children = (
				1168EB346FD6D89529155370 /* ChatMessageStore.swift */,
				3BFB5E8946448F0C14BE0493 /* ChatView.swift */,
			);
			path = Chat;
			sourceTree = "<group>";
		};
		32A6D34560960430853586A2 /* App */ = {
			isa = PBXGroup;
			children = (
				1F5EBA70B2946C127282ED62 /* EnvyChatApp.swift */,
				BF6CD2F5B82F02FE9CC5AE20 /* RootView.swift */,
			);
			path = App;
			sourceTree = "<group>";
		};
		36B30DFDA156B3FBA274B391 /* Profile */ = {
			isa = PBXGroup;
			children = (
				2043A2CDA5AB8C600EF67F89 /* LegalViews.swift */,
				502530181E24DE909D74AD1B /* ProfileView.swift */,
				E9317718F1228FC5CA29E347 /* SettingsStore.swift */,
			);
			path = Profile;
			sourceTree = "<group>";
		};
		3B111322B551F72CD98C775B /* Features */ = {
			isa = PBXGroup;
			children = (
				09A7E7774E854A198AAF99B8 /* Auth */,
				7C2B5631C563D8CD3D58A37C /* Calls */,
				1C82C47B2F21626535476692 /* Chat */,
				E33C0CECA2B5F08C94169935 /* Friends */,
				96FD5D85D260A0C0F427330C /* Home */,
				36B30DFDA156B3FBA274B391 /* Profile */,
				EB843F74BB85207BACC8D7EA /* Streaks */,
			);
			path = Features;
			sourceTree = "<group>";
		};
		56824A85FA714D02BF8AD02A /* EnvyChatTests */ = {
			isa = PBXGroup;
			children = (
				1514D024EEF83F264F5336CE /* EnvyChatTests.swift */,
			);
			path = EnvyChatTests;
			sourceTree = "<group>";
		};
		591484C50EE532FCAE002036 /* Support */ = {
			isa = PBXGroup;
			children = (
				94C35F647CCC01454EEDA3EB /* DateFormatting.swift */,
			);
			path = Support;
			sourceTree = "<group>";
		};
		7C2B5631C563D8CD3D58A37C /* Calls */ = {
			isa = PBXGroup;
			children = (
				3BF341942CE054542C2C22A6 /* CallSlotsView.swift */,
			);
			path = Calls;
			sourceTree = "<group>";
		};
		7C8D4FED903D6F76ACEEC66B /* Media */ = {
			isa = PBXGroup;
			children = (
				3C804E721C528988EDF9A2FA /* Voice.swift */,
			);
			path = Media;
			sourceTree = "<group>";
		};
		90CD109904513665C5159A2B = {
			isa = PBXGroup;
			children = (
				DABC1BB9E11E081C35F68F24 /* EnvyChat */,
				56824A85FA714D02BF8AD02A /* EnvyChatTests */,
				E1961D5B4E30D7619A031555 /* Products */,
			);
			sourceTree = "<group>";
		};
		96FD5D85D260A0C0F427330C /* Home */ = {
			isa = PBXGroup;
			children = (
				25764CC12A63F6B7112610CE /* ConversationListStore.swift */,
				B35F50FA5BEBE4FD9EA353EC /* ConversationModels.swift */,
				219267348936B519B97861BB /* InboxRow.swift */,
				67D8AB19517ABE74522D45F0 /* InboxView.swift */,
				025E99DA0EE313CAF7029E73 /* MainTabView.swift */,
				CE4A848013AD7E8B405CF095 /* NewChatView.swift */,
				1BC5772F0E47594139107882 /* TypingStore.swift */,
			);
			path = Home;
			sourceTree = "<group>";
		};
		BF15E693C6F75380B8A92AB1 /* Core */ = {
			isa = PBXGroup;
			children = (
				7C8D4FED903D6F76ACEEC66B /* Media */,
				E533AFF2220157E03335B66A /* Networking */,
				16F0CB850681C5B10644F4B8 /* Persistence */,
				E8BD1ABC132D07EEA85778C3 /* Security */,
				591484C50EE532FCAE002036 /* Support */,
			);
			path = Core;
			sourceTree = "<group>";
		};
		DABC1BB9E11E081C35F68F24 /* EnvyChat */ = {
			isa = PBXGroup;
			children = (
				908E8F7E41C4808795E6F0BF /* Assets.xcassets */,
				A5B3C9EC00A40524E03608FF /* Info.plist */,
				9475C37D51408EEA4F465F33 /* Localizable.xcstrings */,
				32A6D34560960430853586A2 /* App */,
				BF15E693C6F75380B8A92AB1 /* Core */,
				0D1158C50C55559A8EEB339E /* Design */,
				3B111322B551F72CD98C775B /* Features */,
			);
			path = EnvyChat;
			sourceTree = "<group>";
		};
		E1961D5B4E30D7619A031555 /* Products */ = {
			isa = PBXGroup;
			children = (
				3B9E42D2F190FBA0DB19AA73 /* EnvyChat.app */,
				A1E828012E070E1B9635784C /* EnvyChatTests.xctest */,
			);
			name = Products;
			sourceTree = "<group>";
		};
		E33C0CECA2B5F08C94169935 /* Friends */ = {
			isa = PBXGroup;
			children = (
				5D2024AF8E9E15D93EE0F560 /* FriendsStore.swift */,
				BC8958B16318BC4F47BB309C /* FriendsView.swift */,
			);
			path = Friends;
			sourceTree = "<group>";
		};
		E533AFF2220157E03335B66A /* Networking */ = {
			isa = PBXGroup;
			children = (
				51640DE482DE0FB9A39C3EB6 /* APIClient.swift */,
				186560DFD5C39A73D26B98CA /* AuthViewStore.swift */,
				CC7CB023199609449C537B96 /* RealtimeClient.swift */,
			);
			path = Networking;
			sourceTree = "<group>";
		};
		E8BD1ABC132D07EEA85778C3 /* Security */ = {
			isa = PBXGroup;
			children = (
				4D1EFCE4759DBD9B51B1CFE4 /* KeychainStore.swift */,
				00ED43D1C003A6FDFEE8C6BE /* SessionStore.swift */,
			);
			path = Security;
			sourceTree = "<group>";
		};
		EB843F74BB85207BACC8D7EA /* Streaks */ = {
			isa = PBXGroup;
			children = (
				D5576AB90491CDE8BCE5F17C /* StreakDetailView.swift */,
				4BE8547FD0BEED736976C8DB /* StreaksView.swift */,
			);
			path = Streaks;
			sourceTree = "<group>";
		};
/* End PBXGroup section */

/* Begin PBXNativeTarget section */
		EF1B0244CE50D553E01CB264 /* EnvyChat */ = {
			isa = PBXNativeTarget;
			buildConfigurationList = 62FD686A1538290105EBFD58 /* Build configuration list for PBXNativeTarget "EnvyChat" */;
			buildPhases = (
				A7D28B909D162FE1F1C2471C /* Sources */,
				15250849CA974A8413CFFD58 /* Resources */,
			);
			buildRules = (
			);
			dependencies = (
			);
			name = EnvyChat;
			packageProductDependencies = (
			);
			productName = EnvyChat;
			productReference = 3B9E42D2F190FBA0DB19AA73 /* EnvyChat.app */;
			productType = "com.apple.product-type.application";
		};
		F376325B2ABA45D7F9F2BEAC /* EnvyChatTests */ = {
			isa = PBXNativeTarget;
			buildConfigurationList = FF9F49952116EAF214DB1E4C /* Build configuration list for PBXNativeTarget "EnvyChatTests" */;
			buildPhases = (
				6879D79F918D46FB80610815 /* Sources */,
			);
			buildRules = (
			);
			dependencies = (
				13B5B6C330A65B1EECFF240A /* PBXTargetDependency */,
			);
			name = EnvyChatTests;
			packageProductDependencies = (
			);
			productName = EnvyChatTests;
			productReference = A1E828012E070E1B9635784C /* EnvyChatTests.xctest */;
			productType = "com.apple.product-type.bundle.unit-test";
		};
/* End PBXNativeTarget section */

/* Begin PBXProject section */
		64360B2A9CD9D8BB1CE4A02F /* Project object */ = {
			isa = PBXProject;
			attributes = {
				BuildIndependentTargetsInParallel = YES;
				LastUpgradeCheck = 1430;
				TargetAttributes = {
					EF1B0244CE50D553E01CB264 = {
						DevelopmentTeam = "";
						ProvisioningStyle = Automatic;
					};
					F376325B2ABA45D7F9F2BEAC = {
						DevelopmentTeam = "";
						ProvisioningStyle = Automatic;
					};
				};
			};
			buildConfigurationList = 9EDFF2D5B29185892ECB3E83 /* Build configuration list for PBXProject "EnvyChat" */;
			developmentRegion = en;
			hasScannedForEncodings = 0;
			knownRegions = (
				Base,
				en,
			);
			mainGroup = 90CD109904513665C5159A2B;
			minimizedProjectReferenceProxies = 1;
			preferredProjectObjectVersion = 77;
			productRefGroup = E1961D5B4E30D7619A031555 /* Products */;
			projectDirPath = "";
			projectRoot = "";
			targets = (
				EF1B0244CE50D553E01CB264 /* EnvyChat */,
				F376325B2ABA45D7F9F2BEAC /* EnvyChatTests */,
			);
		};
/* End PBXProject section */

/* Begin PBXResourcesBuildPhase section */
		15250849CA974A8413CFFD58 /* Resources */ = {
			isa = PBXResourcesBuildPhase;
			buildActionMask = 2147483647;
			files = (
				01B57C4BDE62A2EC5832574E /* Assets.xcassets in Resources */,
				718370C9C749C3006065817E /* Localizable.xcstrings in Resources */,
			);
			runOnlyForDeploymentPostprocessing = 0;
		};
/* End PBXResourcesBuildPhase section */

/* Begin PBXSourcesBuildPhase section */
		6879D79F918D46FB80610815 /* Sources */ = {
			isa = PBXSourcesBuildPhase;
			buildActionMask = 2147483647;
			files = (
				A0757FB642382CC54600B860 /* EnvyChatTests.swift in Sources */,
			);
			runOnlyForDeploymentPostprocessing = 0;
		};
		A7D28B909D162FE1F1C2471C /* Sources */ = {
			isa = PBXSourcesBuildPhase;
			buildActionMask = 2147483647;
			files = (
				6E8205997A3609D638002DFD /* APIClient.swift in Sources */,
				88D859685D790D547A0C1E3E /* AuthFlowView.swift in Sources */,
				BE72404130E52825EDE1214C /* AuthViewStore.swift in Sources */,
				B6657AB7F9E88C16C49323C1 /* CallSlotsView.swift in Sources */,
				2403AB8A5B20CEAB7BB8206D /* ChatMessageStore.swift in Sources */,
				85E71E26240B29A0802EF051 /* ChatView.swift in Sources */,
				13AF9CB416BA84904F8E31DA /* ConversationListStore.swift in Sources */,
				94B3D9C9EB4EFC5F40775755 /* ConversationModels.swift in Sources */,
				DFC20C51673FEBF3FBF2AC24 /* DateFormatting.swift in Sources */,
				DC4FF689BC86A033E21885A5 /* EnvyChatApp.swift in Sources */,
				363D647845C27889062F2C7E /* ForgotPasswordView.swift in Sources */,
				D590C2007CF00DAEE601FFF6 /* FriendsStore.swift in Sources */,
				450D708DA637711931952920 /* FriendsView.swift in Sources */,
				30940360287D0AE2D0650A1E /* InboxRow.swift in Sources */,
				AB7156873B796A2AE8446BA2 /* InboxView.swift in Sources */,
				204632C6973941813F226374 /* KeychainStore.swift in Sources */,
				60972F1805C57D05284FF13B /* LegalViews.swift in Sources */,
				B4CE05B12A9F0803CC451CF1 /* LocalStore.swift in Sources */,
				FBB8C44F993363D6E57EDF1E /* LoginView.swift in Sources */,
				32033DD4E16C0FAB56479F92 /* MainTabView.swift in Sources */,
				3426C776886600421935835F /* NewChatView.swift in Sources */,
				B856D703D8CB0EC1A09A67A9 /* ProfileView.swift in Sources */,
				C3E364C5ABEA5D3C4F42C94C /* RealtimeClient.swift in Sources */,
				FDFC188C057A708723DC4177 /* RegisterView.swift in Sources */,
				30D43F322D4B56128F566E2C /* RootView.swift in Sources */,
				A3B322886EBD5F12A0FE6BDD /* SessionStore.swift in Sources */,
				9408942C578E834B27FFD702 /* SettingsStore.swift in Sources */,
				DAE5555F3C2C791515DDFF73 /* StreakDetailView.swift in Sources */,
				0F645380F7471D34FBE8CB4F /* StreaksView.swift in Sources */,
				8D40EBB60232FA74489A1862 /* Theme.swift in Sources */,
				C74AF5F4A06D058C69CA4439 /* TypingStore.swift in Sources */,
				A4070B9CE0EFC56A7C5DFB6E /* Voice.swift in Sources */,
			);
			runOnlyForDeploymentPostprocessing = 0;
		};
/* End PBXSourcesBuildPhase section */

/* Begin PBXTargetDependency section */
		13B5B6C330A65B1EECFF240A /* PBXTargetDependency */ = {
			isa = PBXTargetDependency;
			target = EF1B0244CE50D553E01CB264 /* EnvyChat */;
			targetProxy = EF75AFDE3CC18A435A63EF68 /* PBXContainerItemProxy */;
		};
/* End PBXTargetDependency section */

/* Begin XCBuildConfiguration section */
		4D575EE3BFEFB9F46BBA2832 /* Debug */ = {
			isa = XCBuildConfiguration;
			buildSettings = {
				ASSETCATALOG_COMPILER_APPICON_NAME = AppIcon;
				ASSETCATALOG_COMPILER_GLOBAL_ACCENT_COLOR_NAME = AccentColor;
				CODE_SIGN_IDENTITY = "iPhone Developer";
				INFOPLIST_FILE = EnvyChat/Info.plist;
				LD_RUNPATH_SEARCH_PATHS = (
					"$(inherited)",
					"@executable_path/Frameworks",
				);
				PRODUCT_BUNDLE_IDENTIFIER = com.envychat.app;
				SDKROOT = iphoneos;
				TARGETED_DEVICE_FAMILY = "1,2";
			};
			name = Debug;
		};
		76CFB43369469144E54163BE /* Debug */ = {
			isa = XCBuildConfiguration;
			buildSettings = {
				BUNDLE_LOADER = "$(TEST_HOST)";
				LD_RUNPATH_SEARCH_PATHS = (
					"$(inherited)",
					"@executable_path/Frameworks",
					"@loader_path/Frameworks",
				);
				PRODUCT_BUNDLE_IDENTIFIER = com.envychat.tests;
				SDKROOT = iphoneos;
				TARGETED_DEVICE_FAMILY = "1,2";
				TEST_HOST = "$(BUILT_PRODUCTS_DIR)/EnvyChat.app/EnvyChat";
			};
			name = Debug;
		};
		A3B14958EB069FB99BBE0469 /* Release */ = {
			isa = XCBuildConfiguration;
			buildSettings = {
				ALWAYS_SEARCH_USER_PATHS = NO;
				CLANG_ANALYZER_NONNULL = YES;
				CLANG_ANALYZER_NUMBER_OBJECT_CONVERSION = YES_AGGRESSIVE;
				CLANG_CXX_LANGUAGE_STANDARD = "gnu++14";
				CLANG_CXX_LIBRARY = "libc++";
				CLANG_ENABLE_MODULES = YES;
				CLANG_ENABLE_OBJC_ARC = YES;
				CLANG_ENABLE_OBJC_WEAK = YES;
				CLANG_WARN_BLOCK_CAPTURE_AUTORELEASING = YES;
				CLANG_WARN_BOOL_CONVERSION = YES;
				CLANG_WARN_COMMA = YES;
				CLANG_WARN_CONSTANT_CONVERSION = YES;
				CLANG_WARN_DEPRECATED_OBJC_IMPLEMENTATIONS = YES;
				CLANG_WARN_DIRECT_OBJC_ISA_USAGE = YES_ERROR;
				CLANG_WARN_DOCUMENTATION_COMMENTS = YES;
				CLANG_WARN_EMPTY_BODY = YES;
				CLANG_WARN_ENUM_CONVERSION = YES;
				CLANG_WARN_INFINITE_RECURSION = YES;
				CLANG_WARN_INT_CONVERSION = YES;
				CLANG_WARN_NON_LITERAL_NULL_CONVERSION = YES;
				CLANG_WARN_OBJC_IMPLICIT_RETAIN_SELF = YES;
				CLANG_WARN_OBJC_LITERAL_CONVERSION = YES;
				CLANG_WARN_OBJC_ROOT_CLASS = YES_ERROR;
				CLANG_WARN_QUOTED_INCLUDE_IN_FRAMEWORK_HEADER = YES;
				CLANG_WARN_RANGE_LOOP_ANALYSIS = YES;
				CLANG_WARN_STRICT_PROTOTYPES = YES;
				CLANG_WARN_SUSPICIOUS_MOVE = YES;
				CLANG_WARN_UNGUARDED_AVAILABILITY = YES_AGGRESSIVE;
				CLANG_WARN_UNREACHABLE_CODE = YES;
				CLANG_WARN__DUPLICATE_METHOD_MATCH = YES;
				CODE_SIGN_STYLE = Automatic;
				COPY_PHASE_STRIP = NO;
				CURRENT_PROJECT_VERSION = 1;
				DEBUG_INFORMATION_FORMAT = "dwarf-with-dsym";
				DEVELOPMENT_TEAM = "";
				ENABLE_NS_ASSERTIONS = NO;
				ENABLE_STRICT_OBJC_MSGSEND = YES;
				ENABLE_USER_SCRIPT_SANDBOXING = NO;
				GCC_C_LANGUAGE_STANDARD = gnu11;
				GCC_NO_COMMON_BLOCKS = YES;
				GCC_WARN_64_TO_32_BIT_CONVERSION = YES;
				GCC_WARN_ABOUT_RETURN_TYPE = YES_ERROR;
				GCC_WARN_UNDECLARED_SELECTOR = YES;
				GCC_WARN_UNINITIALIZED_AUTOS = YES_AGGRESSIVE;
				GCC_WARN_UNUSED_FUNCTION = YES;
				GCC_WARN_UNUSED_VARIABLE = YES;
				IPHONEOS_DEPLOYMENT_TARGET = 17.0;
				MARKETING_VERSION = 1.0.0;
				MTL_ENABLE_DEBUG_INFO = NO;
				MTL_FAST_MATH = YES;
				PRODUCT_NAME = "$(TARGET_NAME)";
				SDKROOT = iphoneos;
				SWIFT_COMPILATION_MODE = wholemodule;
				SWIFT_OPTIMIZATION_LEVEL = "-O";
				SWIFT_VERSION = 5.10;
				TARGETED_DEVICE_FAMILY = 1;
			};
			name = Release;
		};
		C3347833943B99947ABDEC08 /* Debug */ = {
			isa = XCBuildConfiguration;
			buildSettings = {
				ALWAYS_SEARCH_USER_PATHS = NO;
				CLANG_ANALYZER_NONNULL = YES;
				CLANG_ANALYZER_NUMBER_OBJECT_CONVERSION = YES_AGGRESSIVE;
				CLANG_CXX_LANGUAGE_STANDARD = "gnu++14";
				CLANG_CXX_LIBRARY = "libc++";
				CLANG_ENABLE_MODULES = YES;
				CLANG_ENABLE_OBJC_ARC = YES;
				CLANG_ENABLE_OBJC_WEAK = YES;
				CLANG_WARN_BLOCK_CAPTURE_AUTORELEASING = YES;
				CLANG_WARN_BOOL_CONVERSION = YES;
				CLANG_WARN_COMMA = YES;
				CLANG_WARN_CONSTANT_CONVERSION = YES;
				CLANG_WARN_DEPRECATED_OBJC_IMPLEMENTATIONS = YES;
				CLANG_WARN_DIRECT_OBJC_ISA_USAGE = YES_ERROR;
				CLANG_WARN_DOCUMENTATION_COMMENTS = YES;
				CLANG_WARN_EMPTY_BODY = YES;
				CLANG_WARN_ENUM_CONVERSION = YES;
				CLANG_WARN_INFINITE_RECURSION = YES;
				CLANG_WARN_INT_CONVERSION = YES;
				CLANG_WARN_NON_LITERAL_NULL_CONVERSION = YES;
				CLANG_WARN_OBJC_IMPLICIT_RETAIN_SELF = YES;
				CLANG_WARN_OBJC_LITERAL_CONVERSION = YES;
				CLANG_WARN_OBJC_ROOT_CLASS = YES_ERROR;
				CLANG_WARN_QUOTED_INCLUDE_IN_FRAMEWORK_HEADER = YES;
				CLANG_WARN_RANGE_LOOP_ANALYSIS = YES;
				CLANG_WARN_STRICT_PROTOTYPES = YES;
				CLANG_WARN_SUSPICIOUS_MOVE = YES;
				CLANG_WARN_UNGUARDED_AVAILABILITY = YES_AGGRESSIVE;
				CLANG_WARN_UNREACHABLE_CODE = YES;
				CLANG_WARN__DUPLICATE_METHOD_MATCH = YES;
				CODE_SIGN_STYLE = Automatic;
				COPY_PHASE_STRIP = NO;
				CURRENT_PROJECT_VERSION = 1;
				DEBUG_INFORMATION_FORMAT = dwarf;
				DEVELOPMENT_TEAM = "";
				ENABLE_STRICT_OBJC_MSGSEND = YES;
				ENABLE_TESTABILITY = YES;
				ENABLE_USER_SCRIPT_SANDBOXING = NO;
				GCC_C_LANGUAGE_STANDARD = gnu11;
				GCC_DYNAMIC_NO_PIC = NO;
				GCC_NO_COMMON_BLOCKS = YES;
				GCC_OPTIMIZATION_LEVEL = 0;
				GCC_PREPROCESSOR_DEFINITIONS = (
					"$(inherited)",
					"DEBUG=1",
				);
				GCC_WARN_64_TO_32_BIT_CONVERSION = YES;
				GCC_WARN_ABOUT_RETURN_TYPE = YES_ERROR;
				GCC_WARN_UNDECLARED_SELECTOR = YES;
				GCC_WARN_UNINITIALIZED_AUTOS = YES_AGGRESSIVE;
				GCC_WARN_UNUSED_FUNCTION = YES;
				GCC_WARN_UNUSED_VARIABLE = YES;
				IPHONEOS_DEPLOYMENT_TARGET = 17.0;
				MARKETING_VERSION = 1.0.0;
				MTL_ENABLE_DEBUG_INFO = INCLUDE_SOURCE;
				MTL_FAST_MATH = YES;
				ONLY_ACTIVE_ARCH = YES;
				PRODUCT_NAME = "$(TARGET_NAME)";
				SDKROOT = iphoneos;
				SWIFT_ACTIVE_COMPILATION_CONDITIONS = DEBUG;
				SWIFT_OPTIMIZATION_LEVEL = "-Onone";
				SWIFT_VERSION = 5.10;
				TARGETED_DEVICE_FAMILY = 1;
			};
			name = Debug;
		};
		D7A52B949051E146ACC51E30 /* Release */ = {
			isa = XCBuildConfiguration;
			buildSettings = {
				ASSETCATALOG_COMPILER_APPICON_NAME = AppIcon;
				ASSETCATALOG_COMPILER_GLOBAL_ACCENT_COLOR_NAME = AccentColor;
				CODE_SIGN_IDENTITY = "iPhone Developer";
				INFOPLIST_FILE = EnvyChat/Info.plist;
				LD_RUNPATH_SEARCH_PATHS = (
					"$(inherited)",
					"@executable_path/Frameworks",
				);
				PRODUCT_BUNDLE_IDENTIFIER = com.envychat.app;
				SDKROOT = iphoneos;
				TARGETED_DEVICE_FAMILY = "1,2";
			};
			name = Release;
		};
		EB1F3F5B494560FB64C0AB10 /* Release */ = {
			isa = XCBuildConfiguration;
			buildSettings = {
				BUNDLE_LOADER = "$(TEST_HOST)";
				LD_RUNPATH_SEARCH_PATHS = (
					"$(inherited)",
					"@executable_path/Frameworks",
					"@loader_path/Frameworks",
				);
				PRODUCT_BUNDLE_IDENTIFIER = com.envychat.tests;
				SDKROOT = iphoneos;
				TARGETED_DEVICE_FAMILY = "1,2";
				TEST_HOST = "$(BUILT_PRODUCTS_DIR)/EnvyChat.app/EnvyChat";
			};
			name = Release;
		};
/* End XCBuildConfiguration section */

/* Begin XCConfigurationList section */
		62FD686A1538290105EBFD58 /* Build configuration list for PBXNativeTarget "EnvyChat" */ = {
			isa = XCConfigurationList;
			buildConfigurations = (
				4D575EE3BFEFB9F46BBA2832 /* Debug */,
				D7A52B949051E146ACC51E30 /* Release */,
			);
			defaultConfigurationIsVisible = 0;
			defaultConfigurationName = Debug;
		};
		9EDFF2D5B29185892ECB3E83 /* Build configuration list for PBXProject "EnvyChat" */ = {
			isa = XCConfigurationList;
			buildConfigurations = (
				C3347833943B99947ABDEC08 /* Debug */,
				A3B14958EB069FB99BBE0469 /* Release */,
			);
			defaultConfigurationIsVisible = 0;
			defaultConfigurationName = Debug;
		};
		FF9F49952116EAF214DB1E4C /* Build configuration list for PBXNativeTarget "EnvyChatTests" */ = {
			isa = XCConfigurationList;
			buildConfigurations = (
				76CFB43369469144E54163BE /* Debug */,
				EB1F3F5B494560FB64C0AB10 /* Release */,
			);
			defaultConfigurationIsVisible = 0;
			defaultConfigurationName = Debug;
		};
/* End XCConfigurationList section */
	};
	rootObject = 64360B2A9CD9D8BB1CE4A02F /* Project object */;
}
